
Microsoft Visual Studio Solution File, Format Version 12.00
# Visual Studio 14
VisualStudioVersion = 14.0.25420.1
MinimumVisualStudioVersion = 10.0.40219.1
Project("{159641D6-6404-4A2A-AE62-294DE0FE8301}") = "ETL_ZM_CONTRATACIONES", "ETL_ZM_CONTRATACIONES\ETL_ZM_CONTRATACIONES.dtproj", "{8B1B6C0A-8317-4110-88F0-2F0B16EE4B00}"
EndProject
Global
	GlobalSection(SolutionConfigurationPlatforms) = preSolution
		Development|Default = Development|Default
	EndGlobalSection
	GlobalSection(ProjectConfigurationPlatforms) = postSolution
		{8B1B6C0A-8317-4110-88F0-2F0B16EE4B00}.Development|Default.ActiveCfg = Development
		{8B1B6C0A-8317-4110-88F0-2F0B16EE4B00}.Development|Default.Build.0 = Development
	EndGlobalSection
	GlobalSection(SolutionProperties) = preSolution
		HideSolutionNode = FALSE
	EndGlobalSection
EndGlobal
