
Microsoft Visual Studio Solution File, Format Version 12.00
# Visual Studio 14
VisualStudioVersion = 14.0.25420.1
MinimumVisualStudioVersion = 10.0.40219.1
Project("{D2ABAB84-BF74-430A-B69E-9DC6D40DDA17}") = "visesa_sgp", "visesa_sgp\visesa_sgp.dwproj", "{BB524E57-804C-4EE7-BB5B-26C33B4D539C}"
EndProject
Global
	GlobalSection(SolutionConfigurationPlatforms) = preSolution
		Development|Default = Development|Default
	EndGlobalSection
	GlobalSection(ProjectConfigurationPlatforms) = postSolution
		{BB524E57-804C-4EE7-BB5B-26C33B4D539C}.Development|Default.ActiveCfg = Development
		{BB524E57-804C-4EE7-BB5B-26C33B4D539C}.Development|Default.Build.0 = Development
		{BB524E57-804C-4EE7-BB5B-26C33B4D539C}.Development|Default.Deploy.0 = Development
	EndGlobalSection
	GlobalSection(SolutionProperties) = preSolution
		HideSolutionNode = FALSE
	EndGlobalSection
EndGlobal
