
Microsoft Visual Studio Solution File, Format Version 12.00
# Visual Studio 14
VisualStudioVersion = 14.0.25420.1
MinimumVisualStudioVersion = 10.0.40219.1
Project("{159641D6-6404-4A2A-AE62-294DE0FE8301}") = "ETL_ECOFIN", "ETL_ECOFIN\ETL_ECOFIN.dtproj", "{7DA38473-7F20-4D6D-A0E6-B77CCF8E4FAA}"
EndProject
Global
	GlobalSection(SolutionConfigurationPlatforms) = preSolution
		Development|Default = Development|Default
	EndGlobalSection
	GlobalSection(ProjectConfigurationPlatforms) = postSolution
		{7DA38473-7F20-4D6D-A0E6-B77CCF8E4FAA}.Development|Default.ActiveCfg = Development
		{7DA38473-7F20-4D6D-A0E6-B77CCF8E4FAA}.Development|Default.Build.0 = Development
	EndGlobalSection
	GlobalSection(SolutionProperties) = preSolution
		HideSolutionNode = FALSE
	EndGlobalSection
EndGlobal
