
Microsoft Visual Studio Solution File, Format Version 12.00
# Visual Studio 14
VisualStudioVersion = 14.0.25420.1
MinimumVisualStudioVersion = 10.0.40219.1
Project("{159641D6-6404-4A2A-AE62-294DE0FE8301}") = "ETL_J_PROYECTO", "ETL_J_PROYECTO\ETL_J_PROYECTO.dtproj", "{33314DD7-3DEA-43E9-9956-39D465649986}"
EndProject
Global
	GlobalSection(SolutionConfigurationPlatforms) = preSolution
		Development|Default = Development|Default
	EndGlobalSection
	GlobalSection(ProjectConfigurationPlatforms) = postSolution
		{33314DD7-3DEA-43E9-9956-39D465649986}.Development|Default.ActiveCfg = Development
		{33314DD7-3DEA-43E9-9956-39D465649986}.Development|Default.Build.0 = Development
	EndGlobalSection
	GlobalSection(SolutionProperties) = preSolution
		HideSolutionNode = FALSE
	EndGlobalSection
EndGlobal
