
Microsoft Visual Studio Solution File, Format Version 12.00
# Visual Studio 14
VisualStudioVersion = 14.0.25420.1
MinimumVisualStudioVersion = 10.0.40219.1
Project("{D2ABAB84-BF74-430A-B69E-9DC6D40DDA17}") = "CUBOS", "CUBO_PRUEBA\CUBOS.dwproj", "{F70AB677-B144-4CB1-A1F7-9F45BD579DC5}"
EndProject
Global
	GlobalSection(SolutionConfigurationPlatforms) = preSolution
		Development|Default = Development|Default
	EndGlobalSection
	GlobalSection(ProjectConfigurationPlatforms) = postSolution
		{F70AB677-B144-4CB1-A1F7-9F45BD579DC5}.Development|Default.ActiveCfg = Development
		{F70AB677-B144-4CB1-A1F7-9F45BD579DC5}.Development|Default.Build.0 = Development
		{F70AB677-B144-4CB1-A1F7-9F45BD579DC5}.Development|Default.Deploy.0 = Development
	EndGlobalSection
	GlobalSection(SolutionProperties) = preSolution
		HideSolutionNode = FALSE
	EndGlobalSection
EndGlobal
